// !$*UTF8*$!
{
	archiveVersion = 1;
	classes = {
	};
	objectVersion = 46;
	objects = {

/* Begin PBXBuildFile section */
		96BEB5DB1A8C0B3E00EBBA46 /* main.c in Sources */ = {isa = PBXBuildFile; fileRef = 96BEB5DA1A8C0B3E00EBBA46 /* main.c */; };
/* End PBXBuildFile section */

/* Begin PBXCopyFilesBuildPhase section */
		96BEB5D51A8C0B3E00EBBA46 /* CopyFiles */ = {
			isa = PBXCopyFilesBuildPhase;
			buildActionMask = 2147483647;
			dstPath = /usr/share/man/man1/;
			dstSubfolderSpec = 0;
			files = (
			);
			runOnlyForDeploymentPostprocessing = 1;
		};
/* End PBXCopyFilesBuildPhase section */

/* Begin PBXFileReference section */
		96BEB5D71A8C0B3E00EBBA46 /* pascal */ = {isa = PBXFileReference; explicitFileType = "compiled.mach-o.executable"; includeInIndex = 0; path = pascal; sourceTree = BUILT_PRODUCTS_DIR; };
		96BEB5DA1A8C0B3E00EBBA46 /* main.c */ = {isa = PBXFileReference; lastKnownFileType = sourcecode.c.c; path = main.c; sourceTree = "<group>"; };
/* End PBXFileReference section */

/* Begin PBXFrameworksBuildPhase section */
		96BEB5D41A8C0B3E00EBBA46 /* Frameworks */ = {
			isa = PBXFrameworksBuildPhase;
			buildActionMask = 2147483647;
			files = (
			);
			runOnlyForDeploymentPostprocessing = 0;
		};
/* End PBXFrameworksBuildPhase section */

/* Begin PBXGroup section */
		96BEB5CE1A8C0B3E00EBBA46 = {
			isa = PBXGroup;
			children = (
				96BEB5D91A8C0B3E00EBBA46 /* pascal */,
				96BEB5D81A8C0B3E00EBBA46 /* Products */,
			);
			sourceTree = "<group>";
		};
		96BEB5D81A8C0B3E00EBBA46 /* Products */ = {
			isa = PBXGroup;
			children = (
				96BEB5D71A8C0B3E00EBBA46 /* pascal */,
			);
			name = Products;
			sourceTree = "<group>";
		};
		96BEB5D91A8C0B3E00EBBA46 /* pascal */ = {
			isa = PBXGroup;
			children = (
				96BEB5DA1A8C0B3E00EBBA46 /* main.c */,
			);
			path = pascal;
			sourceTree = "<group>";
		};
/* End PBXGroup section */

/* Begin PBXNativeTarget section */
		96BEB5D61A8C0B3E00EBBA46 /* pascal */ = {
			isa = PBXNativeTarget;
			buildConfigurationList = 96BEB5DE1A8C0B3E00EBBA46 /* Build configuration list for PBXNativeTarget "pascal" */;
			buildPhases = (
				96BEB5D31A8C0B3E00EBBA46 /* Sources */,
				96BEB5D41A8C0B3E00EBBA46 /* Frameworks */,
				96BEB5D51A8C0B3E00EBBA46 /* CopyFiles */,
			);
			buildRules = (
			);
			dependencies = (
			);
			name = pascal;
			productName = pascal;
			productReference = 96BEB5D71A8C0B3E00EBBA46 /* pascal */;
			productType = "com.apple.product-type.tool";
		};
/* End PBXNativeTarget section */

/* Begin PBXProject section */
		96BEB5CF1A8C0B3E00EBBA46 /* Project object */ = {
			isa = PBXProject;
			attributes = {
				LastUpgradeCheck = 0610;
				ORGANIZATIONNAME = "Phuong Nguyen";
				TargetAttributes = {
					96BEB5D61A8C0B3E00EBBA46 = {
						CreatedOnToolsVersion = 6.1.1;
					};
				};
			};
			buildConfigurationList = 96BEB5D21A8C0B3E00EBBA46 /* Build configuration list for PBXProject "pascal" */;
			compatibilityVersion = "Xcode 3.2";
			developmentRegion = English;
			hasScannedForEncodings = 0;
			knownRegions = (
				en,
			);
			mainGroup = 96BEB5CE1A8C0B3E00EBBA46;
			productRefGroup = 96BEB5D81A8C0B3E00EBBA46 /* Products */;
			projectDirPath = "";
			projectRoot = "";
			targets = (
				96BEB5D61A8C0B3E00EBBA46 /* pascal */,
			);
		};
/* End PBXProject section */

/* Begin PBXSourcesBuildPhase section */
		96BEB5D31A8C0B3E00EBBA46 /* Sources */ = {
			isa = PBXSourcesBuildPhase;
			buildActionMask = 2147483647;
			files = (
				96BEB5DB1A8C0B3E00EBBA46 /* main.c in Sources */,
			);
			runOnlyForDeploymentPostprocessing = 0;
		};
/* End PBXSourcesBuildPhase section */

/* Begin XCBuildConfiguration section */
		96BEB5DC1A8C0B3E00EBBA46 /* Debug */ = {
			isa = XCBuildConfiguration;
			buildSettings = {
				ALWAYS_SEARCH_USER_PATHS = NO;
				CLANG_CXX_LANGUAGE_STANDARD = "gnu++0x";
				CLANG_CXX_LIBRARY = "libc++";
				CLANG_ENABLE_MODULES = YES;
				CLANG_ENABLE_OBJC_ARC = YES;
				CLANG_WARN_BOOL_CONVERSION = YES;
				CLANG_WARN_CONSTANT_CONVERSION = YES;
				CLANG_WARN_DIRECT_OBJC_ISA_USAGE = YES_ERROR;
				CLANG_WARN_EMPTY_BODY = YES;
				CLANG_WARN_ENUM_CONVERSION = YES;
				CLANG_WARN_INT_CONVERSION = YES;
				CLANG_WARN_OBJC_ROOT_CLASS = YES_ERROR;
				CLANG_WARN_UNREACHABLE_CODE = YES;
				CLANG_WARN__DUPLICATE_METHOD_MATCH = YES;
				COPY_PHASE_STRIP = NO;
				ENABLE_STRICT_OBJC_MSGSEND = YES;
				GCC_C_LANGUAGE_STANDARD = gnu99;
				GCC_DYNAMIC_NO_PIC = NO;
				GCC_OPTIMIZATION_LEVEL = 0;
				GCC_PREPROCESSOR_DEFINITIONS = (
					"DEBUG=1",
					"$(inherited)",
				);
				GCC_SYMBOLS_PRIVATE_EXTERN = NO;
				GCC_WARN_64_TO_32_BIT_CONVERSION = YES;
				GCC_WARN_ABOUT_RETURN_TYPE = YES_ERROR;
				GCC_WARN_UNDECLARED_SELECTOR = YES;
				GCC_WARN_UNINITIALIZED_AUTOS = YES_AGGRESSIVE;
				GCC_WARN_UNUSED_FUNCTION = YES;
				GCC_WARN_UNUSED_VARIABLE = YES;
				MACOSX_DEPLOYMENT_TARGET = 10.10;
				MTL_ENABLE_DEBUG_INFO = YES;
				ONLY_ACTIVE_ARCH = YES;
				SDKROOT = macosx;
			};
			name = Debug;
		};
		96BEB5DD1A8C0B3E00EBBA46 /* Release */ = {
			isa = XCBuildConfiguration;
			buildSettings = {
				ALWAYS_SEARCH_USER_PATHS = NO;
				CLANG_CXX_LANGUAGE_STANDARD = "gnu++0x";
				CLANG_CXX_LIBRARY = "libc++";
				CLANG_ENABLE_MODULES = YES;
				CLANG_ENABLE_OBJC_ARC = YES;
				CLANG_WARN_BOOL_CONVERSION = YES;
				CLANG_WARN_CONSTANT_CONVERSION = YES;
				CLANG_WARN_DIRECT_OBJC_ISA_USAGE = YES_ERROR;
				CLANG_WARN_EMPTY_BODY = YES;
				CLANG_WARN_ENUM_CONVERSION = YES;
				CLANG_WARN_INT_CONVERSION = YES;
				CLANG_WARN_OBJC_ROOT_CLASS = YES_ERROR;
				CLANG_WARN_UNREACHABLE_CODE = YES;
				CLANG_WARN__DUPLICATE_METHOD_MATCH = YES;
				COPY_PHASE_STRIP = YES;
				DEBUG_INFORMATION_FORMAT = "dwarf-with-dsym";
				ENABLE_NS_ASSERTIONS = NO;
				ENABLE_STRICT_OBJC_MSGSEND = YES;
				GCC_C_LANGUAGE_STANDARD = gnu99;
				GCC_WARN_64_TO_32_BIT_CONVERSION = YES;
				GCC_WARN_ABOUT_RETURN_TYPE = YES_ERROR;
				GCC_WARN_UNDECLARED_SELECTOR = YES;
				GCC_WARN_UNINITIALIZED_AUTOS = YES_AGGRESSIVE;
				GCC_WARN_UNUSED_FUNCTION = YES;
				GCC_WARN_UNUSED_VARIABLE = YES;
				MACOSX_DEPLOYMENT_TARGET = 10.10;
				MTL_ENABLE_DEBUG_INFO = NO;
				SDKROOT = macosx;
			};
			name = Release;
		};
		96BEB5DF1A8C0B3E00EBBA46 /* Debug */ = {
			isa = XCBuildConfiguration;
			buildSettings = {
				PRODUCT_NAME = "$(TARGET_NAME)";
			};
			name = Debug;
		};
		96BEB5E01A8C0B3E00EBBA46 /* Release */ = {
			isa = XCBuildConfiguration;
			buildSettings = {
				PRODUCT_NAME = "$(TARGET_NAME)";
			};
			name = Release;
		};
/* End XCBuildConfiguration section */

/* Begin XCConfigurationList section */
		96BEB5D21A8C0B3E00EBBA46 /* Build configuration list for PBXProject "pascal" */ = {
			isa = XCConfigurationList;
			buildConfigurations = (
				96BEB5DC1A8C0B3E00EBBA46 /* Debug */,
				96BEB5DD1A8C0B3E00EBBA46 /* Release */,
			);
			defaultConfigurationIsVisible = 0;
			defaultConfigurationName = Release;
		};
		96BEB5DE1A8C0B3E00EBBA46 /* Build configuration list for PBXNativeTarget "pascal" */ = {
			isa = XCConfigurationList;
			buildConfigurations = (
				96BEB5DF1A8C0B3E00EBBA46 /* Debug */,
				96BEB5E01A8C0B3E00EBBA46 /* Release */,
			);
			defaultConfigurationIsVisible = 0;
		};
/* End XCConfigurationList section */
	};
	rootObject = 96BEB5CF1A8C0B3E00EBBA46 /* Project object */;
}
